
Microsoft Visual Studio Solution File, Format Version 12.00
# Visual Studio 15
VisualStudioVersion = 15.0.28307.1022
MinimumVisualStudioVersion = 10.0.40219.1
Project("{FAE04EC0-301F-11D3-BF4B-00C04F79EFBC}") = "Gbdd_App", "Gbdd_App\Gbdd_App.csproj", "{EDFC97D7-56DF-4BB0-86AF-4F9BA08B2857}"
EndProject
Global
	GlobalSection(SolutionConfigurationPlatforms) = preSolution
		Debug|Any CPU = Debug|Any CPU
		Release|Any CPU = Release|Any CPU
	EndGlobalSection
	GlobalSection(ProjectConfigurationPlatforms) = postSolution
		{EDFC97D7-56DF-4BB0-86AF-4F9BA08B2857}.Debug|Any CPU.ActiveCfg = Debug|Any CPU
		{EDFC97D7-56DF-4BB0-86AF-4F9BA08B2857}.Debug|Any CPU.Build.0 = Debug|Any CPU
		{EDFC97D7-56DF-4BB0-86AF-4F9BA08B2857}.Release|Any CPU.ActiveCfg = Release|Any CPU
		{EDFC97D7-56DF-4BB0-86AF-4F9BA08B2857}.Release|Any CPU.Build.0 = Release|Any CPU
	EndGlobalSection
	GlobalSection(SolutionProperties) = preSolution
		HideSolutionNode = FALSE
	EndGlobalSection
	GlobalSection(ExtensibilityGlobals) = postSolution
		SolutionGuid = {FA4A6B27-B914-4B20-A546-FC1EA7F2E2BC}
	EndGlobalSection
EndGlobal
